
Microsoft Visual Studio Solution File, Format Version 12.00
# Visual Studio Version 16
VisualStudioVersion = 16.0.30907.101
MinimumVisualStudioVersion = 10.0.40219.1
Project("{FAE04EC0-301F-11D3-BF4B-00C04F79EFBC}") = "DataStructures", "DataStructures\DataStructures.csproj", "{047E41DC-5AFB-4333-9EA2-CE6751AB7294}"
EndProject
Global
	GlobalSection(SolutionConfigurationPlatforms) = preSolution
		Debug|Any CPU = Debug|Any CPU
		Release|Any CPU = Release|Any CPU
	EndGlobalSection
	GlobalSection(ProjectConfigurationPlatforms) = postSolution
		{047E41DC-5AFB-4333-9EA2-CE6751AB7294}.Debug|Any CPU.ActiveCfg = Debug|Any CPU
		{047E41DC-5AFB-4333-9EA2-CE6751AB7294}.Debug|Any CPU.Build.0 = Debug|Any CPU
		{047E41DC-5AFB-4333-9EA2-CE6751AB7294}.Release|Any CPU.ActiveCfg = Release|Any CPU
		{047E41DC-5AFB-4333-9EA2-CE6751AB7294}.Release|Any CPU.Build.0 = Release|Any CPU
	EndGlobalSection
	GlobalSection(SolutionProperties) = preSolution
		HideSolutionNode = FALSE
	EndGlobalSection
	GlobalSection(ExtensibilityGlobals) = postSolution
		SolutionGuid = {7CA11B23-8DED-4580-9E7C-0D17D2CC6079}
	EndGlobalSection
EndGlobal
